
Microsoft Visual Studio Solution File, Format Version 12.00
# Visual Studio Version 16
VisualStudioVersion = 16.0.29609.76
MinimumVisualStudioVersion = 10.0.40219.1
Project("{9A19103F-16F7-4668-BE54-9A1E7A4F7556}") = "SerializeTest", "SerializeTest.csproj", "{83F2F256-3ED1-417C-8424-F92ED4500631}"
EndProject
Project("{9A19103F-16F7-4668-BE54-9A1E7A4F7556}") = "ILib.ProtoPack", "..\..\..\lib\cs\ILib.ProtoPack.csproj", "{6917FAC0-D0AB-4762-B04D-F47801266E40}"
EndProject
Global
	GlobalSection(SolutionConfigurationPlatforms) = preSolution
		Debug|Any CPU = Debug|Any CPU
		Release|Any CPU = Release|Any CPU
	EndGlobalSection
	GlobalSection(ProjectConfigurationPlatforms) = postSolution
		{83F2F256-3ED1-417C-8424-F92ED4500631}.Debug|Any CPU.ActiveCfg = Debug|Any CPU
		{83F2F256-3ED1-417C-8424-F92ED4500631}.Debug|Any CPU.Build.0 = Debug|Any CPU
		{83F2F256-3ED1-417C-8424-F92ED4500631}.Release|Any CPU.ActiveCfg = Release|Any CPU
		{83F2F256-3ED1-417C-8424-F92ED4500631}.Release|Any CPU.Build.0 = Release|Any CPU
		{6917FAC0-D0AB-4762-B04D-F47801266E40}.Debug|Any CPU.ActiveCfg = Debug|Any CPU
		{6917FAC0-D0AB-4762-B04D-F47801266E40}.Debug|Any CPU.Build.0 = Debug|Any CPU
		{6917FAC0-D0AB-4762-B04D-F47801266E40}.Release|Any CPU.ActiveCfg = Release|Any CPU
		{6917FAC0-D0AB-4762-B04D-F47801266E40}.Release|Any CPU.Build.0 = Release|Any CPU
	EndGlobalSection
	GlobalSection(SolutionProperties) = preSolution
		HideSolutionNode = FALSE
	EndGlobalSection
	GlobalSection(ExtensibilityGlobals) = postSolution
		SolutionGuid = {4EA997A7-476F-4050-B212-304A0BE1A77B}
	EndGlobalSection
EndGlobal
