
Microsoft Visual Studio Solution File, Format Version 12.00
# Visual Studio Version 16
VisualStudioVersion = 16.0.29609.76
MinimumVisualStudioVersion = 10.0.40219.1
Project("{9A19103F-16F7-4668-BE54-9A1E7A4F7556}") = "client", "client.csproj", "{759969FA-BACE-41AC-980E-7B29CB59F8F3}"
EndProject
Project("{9A19103F-16F7-4668-BE54-9A1E7A4F7556}") = "ILib.ProtoPack", "..\..\lib\cs\ILib.ProtoPack.csproj", "{71C763FC-2C9A-4B90-BC05-4A14FBFF0C8B}"
EndProject
Global
	GlobalSection(SolutionConfigurationPlatforms) = preSolution
		Debug|Any CPU = Debug|Any CPU
		Release|Any CPU = Release|Any CPU
	EndGlobalSection
	GlobalSection(ProjectConfigurationPlatforms) = postSolution
		{759969FA-BACE-41AC-980E-7B29CB59F8F3}.Debug|Any CPU.ActiveCfg = Debug|Any CPU
		{759969FA-BACE-41AC-980E-7B29CB59F8F3}.Debug|Any CPU.Build.0 = Debug|Any CPU
		{759969FA-BACE-41AC-980E-7B29CB59F8F3}.Release|Any CPU.ActiveCfg = Release|Any CPU
		{759969FA-BACE-41AC-980E-7B29CB59F8F3}.Release|Any CPU.Build.0 = Release|Any CPU
		{71C763FC-2C9A-4B90-BC05-4A14FBFF0C8B}.Debug|Any CPU.ActiveCfg = Debug|Any CPU
		{71C763FC-2C9A-4B90-BC05-4A14FBFF0C8B}.Debug|Any CPU.Build.0 = Debug|Any CPU
		{71C763FC-2C9A-4B90-BC05-4A14FBFF0C8B}.Release|Any CPU.ActiveCfg = Release|Any CPU
		{71C763FC-2C9A-4B90-BC05-4A14FBFF0C8B}.Release|Any CPU.Build.0 = Release|Any CPU
	EndGlobalSection
	GlobalSection(SolutionProperties) = preSolution
		HideSolutionNode = FALSE
	EndGlobalSection
	GlobalSection(ExtensibilityGlobals) = postSolution
		SolutionGuid = {C1D2C652-EF29-4368-B4C4-D0D7FE2CE112}
	EndGlobalSection
EndGlobal
